
Microsoft Visual Studio Solution File, Format Version 12.00
# Visual Studio Version 17
VisualStudioVersion = 17.10.35027.167
MinimumVisualStudioVersion = 10.0.40219.1
Project("{FAE04EC0-301F-11D3-BF4B-00C04F79EFBC}") = "Users-API", "Users-API\Users-API.csproj", "{45E5760C-8DB0-4F24-8AEA-85DF4AC55580}"
EndProject
Global
	GlobalSection(SolutionConfigurationPlatforms) = preSolution
		Debug|Any CPU = Debug|Any CPU
		Release|Any CPU = Release|Any CPU
	EndGlobalSection
	GlobalSection(ProjectConfigurationPlatforms) = postSolution
		{45E5760C-8DB0-4F24-8AEA-85DF4AC55580}.Debug|Any CPU.ActiveCfg = Debug|Any CPU
		{45E5760C-8DB0-4F24-8AEA-85DF4AC55580}.Debug|Any CPU.Build.0 = Debug|Any CPU
		{45E5760C-8DB0-4F24-8AEA-85DF4AC55580}.Release|Any CPU.ActiveCfg = Release|Any CPU
		{45E5760C-8DB0-4F24-8AEA-85DF4AC55580}.Release|Any CPU.Build.0 = Release|Any CPU
	EndGlobalSection
	GlobalSection(SolutionProperties) = preSolution
		HideSolutionNode = FALSE
	EndGlobalSection
	GlobalSection(ExtensibilityGlobals) = postSolution
		SolutionGuid = {2ACB6BB0-ADB2-459A-9CF3-401FCA61EF17}
	EndGlobalSection
EndGlobal
